# Artifact hash lock for the tested CPython 3.12 / macOS 11+ / arm64 Web
# environment. This is deliberately separate from portable requirements-web.txt
# and constraints-web-py312.txt. Install only on that exact target:
#
# python -m pip install --require-hashes --only-binary=:all: \
#   -r requirements-web-py312-macos-arm64.lock

annotated-doc==0.0.4 --hash=sha256:571ac1dc6991c450b25a9c2d84a3705e2ae7a53467b5d111c24fa8baabbed320
annotated-types==0.8.0 --hash=sha256:f072f4d804ea359e4eaf198b1af7a8b0943881a87f31bb764f8bf219bb9419e0
anyio==4.13.0 --hash=sha256:08b310f9e24a9594186fd75b4f73f4a4152069e3853f1ed8bfbf58369f4ad708
certifi==2026.2.25 --hash=sha256:027692e4402ad994f1c42e52a4997a9763c646b73e4096e4d5d6db8af1d6f0fa
click==8.3.3 --hash=sha256:a2bf429bb3033c89fa4936ffb35d5cb471e3719e1f3c8a7c3fff0b8314305613
fastapi==0.136.1 --hash=sha256:a6e9d7eeada96c93a4d69cb03836b44fa34e2854accb7244a1ece36cd4781c3f
h11==0.16.0 --hash=sha256:63cf8bbe7522de3bf65932fda1d9c2772064ffb3dae62d55932da54b31cb6c86
httpcore==1.0.9 --hash=sha256:2d400746a40668fc9dec9810239072b40b4484b640a8c38fd654a024c7a1bf55
httpx==0.28.1 --hash=sha256:d909fcccc110f8c7faf814ca82a9a4d816bc5a6dbfea25d6591d6985b8ba59ad
idna==3.11 --hash=sha256:771a87f49d9defaf64091e6e6fe9c18d4833f140bd19464795bc32d966ca37ea
pydantic==2.13.4 --hash=sha256:45a282cde31d808236fd7ea9d919b128653c8b38b393d1c4ab335c62924d9aba
pydantic-core==2.46.4 --hash=sha256:962ccbab7b642487b1d8b7df90ef677e03134cf1fd8880bf698649b22a69371f
python-multipart==0.0.31 --hash=sha256:8408153d68a9773291fc1da39a8b85a50044bddbabd2dd72e9229776b7b15e28
starlette==1.1.0 --hash=sha256:7f0dfd38e428aad5cb6f9f667f0ca1d2d8ca3f3385dccac8305f79ec98458382
typing-extensions==4.15.0 --hash=sha256:f0fa19c6845758ab08074a0cfa8b7aecb71c999ca73d62883bc25cc018c4e548
typing-inspection==0.4.2 --hash=sha256:4ed1cacbdc298c220f1bd249ed5287caa16f34d44ef4e9c3d0cbad5b521545e7
uvicorn==0.46.0 --hash=sha256:bbebbcbed972d162afca128605223022bedd345b7bc7855ce66deb31487a9048
